
Microsoft Visual Studio Solution File, Format Version 12.00
# Visual Studio Version 16
VisualStudioVersion = 16.0.31729.503
MinimumVisualStudioVersion = 10.0.40219.1
Project("{2150E333-8FDC-42A3-9474-1A3956D46DE8}") = "CleanArch.Application", "CleanArch.Application", "{5DE912D3-E52B-425B-B525-0ABB79434B20}"
EndProject
Project("{2150E333-8FDC-42A3-9474-1A3956D46DE8}") = "CleanArch.Domain", "CleanArch.Domain", "{857AC79B-CE96-4393-B39D-6F9FDD9A8E9C}"
EndProject
Project("{2150E333-8FDC-42A3-9474-1A3956D46DE8}") = "CleanArch.Infrastructure.IoC", "CleanArch.Infrastructure.IoC", "{F141D2CF-6339-4B91-B3F3-2FE68B8E799D}"
EndProject
Project("{2150E333-8FDC-42A3-9474-1A3956D46DE8}") = "CleanArch.Infrastructure.Data", "CleanArch.Infrastructure.Data", "{85D8F213-30D2-4087-AA27-BCF73FFC4982}"
EndProject
Project("{2150E333-8FDC-42A3-9474-1A3956D46DE8}") = "CleanArch.UI.Mvc", "CleanArch.UI.Mvc", "{41F86085-D904-455A-BC8B-DF58BF4B9827}"
EndProject
Global
	GlobalSection(SolutionProperties) = preSolution
		HideSolutionNode = FALSE
	EndGlobalSection
	GlobalSection(ExtensibilityGlobals) = postSolution
		SolutionGuid = {C9EAAB97-CD34-48AA-96CF-4537BB69DB43}
	EndGlobalSection
EndGlobal
